// !$*UTF8*$!
{
	archiveVersion = 1;
	classes = {
	};
	objectVersion = 46;
	objects = {

/* Begin PBXBuildFile section */
		952170301C5B008600FA73C8 /* MagazineViewController.m in Sources */ = {isa = PBXBuildFile; fileRef = 9521702F1C5B008600FA73C8 /* MagazineViewController.m */; };
		952170331C5B4FA700FA73C8 /* cart.png in Resources */ = {isa = PBXBuildFile; fileRef = 952170311C5B4FA700FA73C8 /* cart.png */; };
		952170341C5B4FA700FA73C8 /* cart@2x.png in Resources */ = {isa = PBXBuildFile; fileRef = 952170321C5B4FA700FA73C8 /* cart@2x.png */; };
		952170371C5B577700FA73C8 /* arrow.png in Resources */ = {isa = PBXBuildFile; fileRef = 952170351C5B577700FA73C8 /* arrow.png */; };
		952170381C5B577700FA73C8 /* arrow@2x.png in Resources */ = {isa = PBXBuildFile; fileRef = 952170361C5B577700FA73C8 /* arrow@2x.png */; };
		9542926A1C603E0700CAB837 /* Assets.xcassets in Resources */ = {isa = PBXBuildFile; fileRef = 954292691C603E0700CAB837 /* Assets.xcassets */; };
		9542926D1C60770D00CAB837 /* LaunchScreenViewController.m in Sources */ = {isa = PBXBuildFile; fileRef = 9542926C1C60770D00CAB837 /* LaunchScreenViewController.m */; };
		954292711C60793B00CAB837 /* LaunchScreen.png in Resources */ = {isa = PBXBuildFile; fileRef = 954292701C60793B00CAB837 /* LaunchScreen.png */; };
		954292741C607BF600CAB837 /* left_category.png in Resources */ = {isa = PBXBuildFile; fileRef = 954292721C607BF600CAB837 /* left_category.png */; };
		954292751C607BF600CAB837 /* left_category@2x.png in Resources */ = {isa = PBXBuildFile; fileRef = 954292731C607BF600CAB837 /* left_category@2x.png */; };
		9542927C1C60F8DA00CAB837 /* ShareViewController.m in Sources */ = {isa = PBXBuildFile; fileRef = 9542927B1C60F8DA00CAB837 /* ShareViewController.m */; };
		954292801C60F90C00CAB837 /* PersonalViewController.m in Sources */ = {isa = PBXBuildFile; fileRef = 9542927F1C60F90C00CAB837 /* PersonalViewController.m */; };
		954292841C60F93000CAB837 /* TalentViewController.m in Sources */ = {isa = PBXBuildFile; fileRef = 954292831C60F93000CAB837 /* TalentViewController.m */; };
		954292861C60FB8E00CAB837 /* search@2x.png in Resources */ = {isa = PBXBuildFile; fileRef = 954292851C60FB8E00CAB837 /* search@2x.png */; };
		956B0C4B1C59A677003E6859 /* XXYSelectorView.m in Sources */ = {isa = PBXBuildFile; fileRef = 956B0C4A1C59A677003E6859 /* XXYSelectorView.m */; };
		95B35BAA1C58CD120057C143 /* BaseViewController.m in Sources */ = {isa = PBXBuildFile; fileRef = 95B35BA91C58CD120057C143 /* BaseViewController.m */; };
		95B35BAD1C58CD2C0057C143 /* ShopViewController.m in Sources */ = {isa = PBXBuildFile; fileRef = 95B35BAC1C58CD2C0057C143 /* ShopViewController.m */; };
		E6966CEA0CB03F85BE875122 /* libPods.a in Frameworks */ = {isa = PBXBuildFile; fileRef = 3DFF22DEFE71AA0A6EA1D94F /* libPods.a */; };
		F438E2011C5D0270004E37D3 /* QuartzCore.framework in Frameworks */ = {isa = PBXBuildFile; fileRef = F438E2001C5D0270004E37D3 /* QuartzCore.framework */; };
		F438E2031C5D0280004E37D3 /* MobileCoreServices.framework in Frameworks */ = {isa = PBXBuildFile; fileRef = F438E2021C5D0280004E37D3 /* MobileCoreServices.framework */; };
		F438E2051C5D028D004E37D3 /* ImageIO.framework in Frameworks */ = {isa = PBXBuildFile; fileRef = F438E2041C5D028D004E37D3 /* ImageIO.framework */; };
		F438E2071C5D0BFF004E37D3 /* LiangCangGIF.gif in Resources */ = {isa = PBXBuildFile; fileRef = F438E2061C5D0BFF004E37D3 /* LiangCangGIF.gif */; };
		F438E20A1C5D0DEB004E37D3 /* AnimatedGIFImageSerialization.m in Sources */ = {isa = PBXBuildFile; fileRef = F438E2091C5D0DEB004E37D3 /* AnimatedGIFImageSerialization.m */; };
		F46799261C5CEB4D009A9320 /* back_arrow.png in Resources */ = {isa = PBXBuildFile; fileRef = F46799241C5CEB4D009A9320 /* back_arrow.png */; };
		F46799271C5CEB4D009A9320 /* back_arrow@2x.png in Resources */ = {isa = PBXBuildFile; fileRef = F46799251C5CEB4D009A9320 /* back_arrow@2x.png */; };
		F4CE41A71C5A51FD0078FBDA /* NSDictionary+safeObjectForKey.m in Sources */ = {isa = PBXBuildFile; fileRef = F4CE41A01C5A51FD0078FBDA /* NSDictionary+safeObjectForKey.m */; };
		F4CE41A81C5A51FD0078FBDA /* NSString+Tools.m in Sources */ = {isa = PBXBuildFile; fileRef = F4CE41A21C5A51FD0078FBDA /* NSString+Tools.m */; };
		F4CE41A91C5A51FD0078FBDA /* UIButton+TJButtom.m in Sources */ = {isa = PBXBuildFile; fileRef = F4CE41A41C5A51FD0078FBDA /* UIButton+TJButtom.m */; };
		F4CE41AA1C5A51FD0078FBDA /* UIView+AddBadge.m in Sources */ = {isa = PBXBuildFile; fileRef = F4CE41A61C5A51FD0078FBDA /* UIView+AddBadge.m */; };
		F4CE41AF1C5A520D0078FBDA /* KKNavigationController.m in Sources */ = {isa = PBXBuildFile; fileRef = F4CE41AC1C5A520D0078FBDA /* KKNavigationController.m */; };
		F4CE41B01C5A520D0078FBDA /* YunButton.m in Sources */ = {isa = PBXBuildFile; fileRef = F4CE41AE1C5A520D0078FBDA /* YunButton.m */; };
		F4CE41EE1C5A5D070078FBDA /* magazine_tab_select.png in Resources */ = {isa = PBXBuildFile; fileRef = F4CE41DA1C5A5D070078FBDA /* magazine_tab_select.png */; };
		F4CE41EF1C5A5D070078FBDA /* magazine_tab_select@2x.png in Resources */ = {isa = PBXBuildFile; fileRef = F4CE41DB1C5A5D070078FBDA /* magazine_tab_select@2x.png */; };
		F4CE41F01C5A5D070078FBDA /* magazine_tab.png in Resources */ = {isa = PBXBuildFile; fileRef = F4CE41DC1C5A5D070078FBDA /* magazine_tab.png */; };
		F4CE41F11C5A5D070078FBDA /* magazine_tab@2x.png in Resources */ = {isa = PBXBuildFile; fileRef = F4CE41DD1C5A5D070078FBDA /* magazine_tab@2x.png */; };
		F4CE41F21C5A5D070078FBDA /* personal_tab_select.png in Resources */ = {isa = PBXBuildFile; fileRef = F4CE41DE1C5A5D070078FBDA /* personal_tab_select.png */; };
		F4CE41F31C5A5D070078FBDA /* personal_tab_select@2x.png in Resources */ = {isa = PBXBuildFile; fileRef = F4CE41DF1C5A5D070078FBDA /* personal_tab_select@2x.png */; };
		F4CE41F41C5A5D070078FBDA /* personal_tab.png in Resources */ = {isa = PBXBuildFile; fileRef = F4CE41E01C5A5D070078FBDA /* personal_tab.png */; };
		F4CE41F51C5A5D070078FBDA /* personal_tab@2x.png in Resources */ = {isa = PBXBuildFile; fileRef = F4CE41E11C5A5D070078FBDA /* personal_tab@2x.png */; };
		F4CE41F61C5A5D070078FBDA /* share_tab_select.png in Resources */ = {isa = PBXBuildFile; fileRef = F4CE41E21C5A5D070078FBDA /* share_tab_select.png */; };
		F4CE41F71C5A5D070078FBDA /* share_tab_select@2x.png in Resources */ = {isa = PBXBuildFile; fileRef = F4CE41E31C5A5D070078FBDA /* share_tab_select@2x.png */; };
		F4CE41F81C5A5D070078FBDA /* share_tab.png in Resources */ = {isa = PBXBuildFile; fileRef = F4CE41E41C5A5D070078FBDA /* share_tab.png */; };
		F4CE41F91C5A5D070078FBDA /* share_tab@2x.png in Resources */ = {isa = PBXBuildFile; fileRef = F4CE41E51C5A5D070078FBDA /* share_tab@2x.png */; };
		F4CE41FA1C5A5D070078FBDA /* shop_tab_select.png in Resources */ = {isa = PBXBuildFile; fileRef = F4CE41E61C5A5D070078FBDA /* shop_tab_select.png */; };
		F4CE41FB1C5A5D070078FBDA /* shop_tab_select@2x.png in Resources */ = {isa = PBXBuildFile; fileRef = F4CE41E71C5A5D070078FBDA /* shop_tab_select@2x.png */; };
		F4CE41FC1C5A5D070078FBDA /* shop_tab.png in Resources */ = {isa = PBXBuildFile; fileRef = F4CE41E81C5A5D070078FBDA /* shop_tab.png */; };
		F4CE41FD1C5A5D070078FBDA /* shop_tab@2x.png in Resources */ = {isa = PBXBuildFile; fileRef = F4CE41E91C5A5D070078FBDA /* shop_tab@2x.png */; };
		F4CE41FE1C5A5D070078FBDA /* talent_tab_select.png in Resources */ = {isa = PBXBuildFile; fileRef = F4CE41EA1C5A5D070078FBDA /* talent_tab_select.png */; };
		F4CE41FF1C5A5D070078FBDA /* talent_tab_select@2x.png in Resources */ = {isa = PBXBuildFile; fileRef = F4CE41EB1C5A5D070078FBDA /* talent_tab_select@2x.png */; };
		F4CE42001C5A5D070078FBDA /* talent_tab.png in Resources */ = {isa = PBXBuildFile; fileRef = F4CE41EC1C5A5D070078FBDA /* talent_tab.png */; };
		F4CE42011C5A5D070078FBDA /* talent_tab@2x.png in Resources */ = {isa = PBXBuildFile; fileRef = F4CE41ED1C5A5D070078FBDA /* talent_tab@2x.png */; };
		F4E341DE1C4E69EE0094CAF6 /* main.m in Sources */ = {isa = PBXBuildFile; fileRef = F4E341DD1C4E69EE0094CAF6 /* main.m */; };
		F4E341E11C4E69EE0094CAF6 /* AppDelegate.m in Sources */ = {isa = PBXBuildFile; fileRef = F4E341E01C4E69EE0094CAF6 /* AppDelegate.m */; };
		F4E341E71C4E69EE0094CAF6 /* Main.storyboard in Resources */ = {isa = PBXBuildFile; fileRef = F4E341E51C4E69EE0094CAF6 /* Main.storyboard */; };
		F4E341EC1C4E69EE0094CAF6 /* LaunchScreen.storyboard in Resources */ = {isa = PBXBuildFile; fileRef = F4E341EA1C4E69EE0094CAF6 /* LaunchScreen.storyboard */; };
		F4E341F71C4E69EE0094CAF6 /* LiangCangTests.m in Sources */ = {isa = PBXBuildFile; fileRef = F4E341F61C4E69EE0094CAF6 /* LiangCangTests.m */; };
		F4E342021C4E69EE0094CAF6 /* LiangCangUITests.m in Sources */ = {isa = PBXBuildFile; fileRef = F4E342011C4E69EE0094CAF6 /* LiangCangUITests.m */; };
		F4EE56EC1C58FB4400700DB4 /* UIImage+Color.m in Sources */ = {isa = PBXBuildFile; fileRef = F4EE56EB1C58FB4400700DB4 /* UIImage+Color.m */; };
		F4EE56EF1C5A44B500700DB4 /* BaseTabBarController.m in Sources */ = {isa = PBXBuildFile; fileRef = F4EE56EE1C5A44B500700DB4 /* BaseTabBarController.m */; };
		F4EE56F81C5A49BF00700DB4 /* category.png in Resources */ = {isa = PBXBuildFile; fileRef = F4EE56F41C5A49BF00700DB4 /* category.png */; };
		F4EE56F91C5A49BF00700DB4 /* search.png in Resources */ = {isa = PBXBuildFile; fileRef = F4EE56F51C5A49BF00700DB4 /* search.png */; };
		F4EE56FF1C5A505F00700DB4 /* CartViewController.m in Sources */ = {isa = PBXBuildFile; fileRef = F4EE56FE1C5A505F00700DB4 /* CartViewController.m */; };
/* End PBXBuildFile section */

/* Begin PBXContainerItemProxy section */
		F4E341F31C4E69EE0094CAF6 /* PBXContainerItemProxy */ = {
			isa = PBXContainerItemProxy;
			containerPortal = F4E341D11C4E69ED0094CAF6 /* Project object */;
			proxyType = 1;
			remoteGlobalIDString = F4E341D81C4E69ED0094CAF6;
			remoteInfo = LiangCang;
		};
		F4E341FE1C4E69EE0094CAF6 /* PBXContainerItemProxy */ = {
			isa = PBXContainerItemProxy;
			containerPortal = F4E341D11C4E69ED0094CAF6 /* Project object */;
			proxyType = 1;
			remoteGlobalIDString = F4E341D81C4E69ED0094CAF6;
			remoteInfo = LiangCang;
		};
/* End PBXContainerItemProxy section */

/* Begin PBXFileReference section */
		3DFF22DEFE71AA0A6EA1D94F /* libPods.a */ = {isa = PBXFileReference; explicitFileType = archive.ar; includeInIndex = 0; path = libPods.a; sourceTree = BUILT_PRODUCTS_DIR; };
		49569D8DE4D0BED16A2EBDF4 /* Pods.release.xcconfig */ = {isa = PBXFileReference; includeInIndex = 1; lastKnownFileType = text.xcconfig; name = Pods.release.xcconfig; path = "Pods/Target Support Files/Pods/Pods.release.xcconfig"; sourceTree = "<group>"; };
		831C2FF701C66DAD790B6ECA /* Pods.debug.xcconfig */ = {isa = PBXFileReference; includeInIndex = 1; lastKnownFileType = text.xcconfig; name = Pods.debug.xcconfig; path = "Pods/Target Support Files/Pods/Pods.debug.xcconfig"; sourceTree = "<group>"; };
		9521702E1C5B008600FA73C8 /* MagazineViewController.h */ = {isa = PBXFileReference; fileEncoding = 4; lastKnownFileType = sourcecode.c.h; path = MagazineViewController.h; sourceTree = "<group>"; };
		9521702F1C5B008600FA73C8 /* MagazineViewController.m */ = {isa = PBXFileReference; fileEncoding = 4; lastKnownFileType = sourcecode.c.objc; path = MagazineViewController.m; sourceTree = "<group>"; };
		952170311C5B4FA700FA73C8 /* cart.png */ = {isa = PBXFileReference; lastKnownFileType = image.png; path = cart.png; sourceTree = "<group>"; };
		952170321C5B4FA700FA73C8 /* cart@2x.png */ = {isa = PBXFileReference; lastKnownFileType = image.png; path = "cart@2x.png"; sourceTree = "<group>"; };
		952170351C5B577700FA73C8 /* arrow.png */ = {isa = PBXFileReference; lastKnownFileType = image.png; path = arrow.png; sourceTree = "<group>"; };
		952170361C5B577700FA73C8 /* arrow@2x.png */ = {isa = PBXFileReference; lastKnownFileType = image.png; path = "arrow@2x.png"; sourceTree = "<group>"; };
		954292691C603E0700CAB837 /* Assets.xcassets */ = {isa = PBXFileReference; lastKnownFileType = folder.assetcatalog; path = Assets.xcassets; sourceTree = "<group>"; };
		9542926B1C60770D00CAB837 /* LaunchScreenViewController.h */ = {isa = PBXFileReference; fileEncoding = 4; lastKnownFileType = sourcecode.c.h; path = LaunchScreenViewController.h; sourceTree = "<group>"; };
		9542926C1C60770D00CAB837 /* LaunchScreenViewController.m */ = {isa = PBXFileReference; fileEncoding = 4; lastKnownFileType = sourcecode.c.objc; path = LaunchScreenViewController.m; sourceTree = "<group>"; };
		954292701C60793B00CAB837 /* LaunchScreen.png */ = {isa = PBXFileReference; lastKnownFileType = image.png; path = LaunchScreen.png; sourceTree = "<group>"; };
		954292721C607BF600CAB837 /* left_category.png */ = {isa = PBXFileReference; lastKnownFileType = image.png; path = left_category.png; sourceTree = "<group>"; };
		954292731C607BF600CAB837 /* left_category@2x.png */ = {isa = PBXFileReference; lastKnownFileType = image.png; path = "left_category@2x.png"; sourceTree = "<group>"; };
		9542927A1C60F8DA00CAB837 /* ShareViewController.h */ = {isa = PBXFileReference; fileEncoding = 4; lastKnownFileType = sourcecode.c.h; path = ShareViewController.h; sourceTree = "<group>"; };
		9542927B1C60F8DA00CAB837 /* ShareViewController.m */ = {isa = PBXFileReference; fileEncoding = 4; lastKnownFileType = sourcecode.c.objc; path = ShareViewController.m; sourceTree = "<group>"; };
		9542927E1C60F90C00CAB837 /* PersonalViewController.h */ = {isa = PBXFileReference; fileEncoding = 4; lastKnownFileType = sourcecode.c.h; path = PersonalViewController.h; sourceTree = "<group>"; };
		9542927F1C60F90C00CAB837 /* PersonalViewController.m */ = {isa = PBXFileReference; fileEncoding = 4; lastKnownFileType = sourcecode.c.objc; path = PersonalViewController.m; sourceTree = "<group>"; };
		954292821C60F93000CAB837 /* TalentViewController.h */ = {isa = PBXFileReference; fileEncoding = 4; lastKnownFileType = sourcecode.c.h; path = TalentViewController.h; sourceTree = "<group>"; };
		954292831C60F93000CAB837 /* TalentViewController.m */ = {isa = PBXFileReference; fileEncoding = 4; lastKnownFileType = sourcecode.c.objc; path = TalentViewController.m; sourceTree = "<group>"; };
		954292851C60FB8E00CAB837 /* search@2x.png */ = {isa = PBXFileReference; lastKnownFileType = image.png; path = "search@2x.png"; sourceTree = "<group>"; };
		956B0C491C59A677003E6859 /* XXYSelectorView.h */ = {isa = PBXFileReference; fileEncoding = 4; lastKnownFileType = sourcecode.c.h; path = XXYSelectorView.h; sourceTree = "<group>"; };
		956B0C4A1C59A677003E6859 /* XXYSelectorView.m */ = {isa = PBXFileReference; fileEncoding = 4; lastKnownFileType = sourcecode.c.objc; path = XXYSelectorView.m; sourceTree = "<group>"; };
		95B35BA81C58CD120057C143 /* BaseViewController.h */ = {isa = PBXFileReference; fileEncoding = 4; lastKnownFileType = sourcecode.c.h; path = BaseViewController.h; sourceTree = "<group>"; };
		95B35BA91C58CD120057C143 /* BaseViewController.m */ = {isa = PBXFileReference; fileEncoding = 4; lastKnownFileType = sourcecode.c.objc; path = BaseViewController.m; sourceTree = "<group>"; };
		95B35BAB1C58CD2C0057C143 /* ShopViewController.h */ = {isa = PBXFileReference; fileEncoding = 4; lastKnownFileType = sourcecode.c.h; path = ShopViewController.h; sourceTree = "<group>"; };
		95B35BAC1C58CD2C0057C143 /* ShopViewController.m */ = {isa = PBXFileReference; fileEncoding = 4; lastKnownFileType = sourcecode.c.objc; path = ShopViewController.m; sourceTree = "<group>"; };
		F438E2001C5D0270004E37D3 /* QuartzCore.framework */ = {isa = PBXFileReference; lastKnownFileType = wrapper.framework; name = QuartzCore.framework; path = System/Library/Frameworks/QuartzCore.framework; sourceTree = SDKROOT; };
		F438E2021C5D0280004E37D3 /* MobileCoreServices.framework */ = {isa = PBXFileReference; lastKnownFileType = wrapper.framework; name = MobileCoreServices.framework; path = System/Library/Frameworks/MobileCoreServices.framework; sourceTree = SDKROOT; };
		F438E2041C5D028D004E37D3 /* ImageIO.framework */ = {isa = PBXFileReference; lastKnownFileType = wrapper.framework; name = ImageIO.framework; path = System/Library/Frameworks/ImageIO.framework; sourceTree = SDKROOT; };
		F438E2061C5D0BFF004E37D3 /* LiangCangGIF.gif */ = {isa = PBXFileReference; lastKnownFileType = image.gif; path = LiangCangGIF.gif; sourceTree = "<group>"; };
		F438E2081C5D0DEB004E37D3 /* AnimatedGIFImageSerialization.h */ = {isa = PBXFileReference; fileEncoding = 4; lastKnownFileType = sourcecode.c.h; path = AnimatedGIFImageSerialization.h; sourceTree = "<group>"; };
		F438E2091C5D0DEB004E37D3 /* AnimatedGIFImageSerialization.m */ = {isa = PBXFileReference; fileEncoding = 4; lastKnownFileType = sourcecode.c.objc; path = AnimatedGIFImageSerialization.m; sourceTree = "<group>"; };
		F46799241C5CEB4D009A9320 /* back_arrow.png */ = {isa = PBXFileReference; lastKnownFileType = image.png; path = back_arrow.png; sourceTree = "<group>"; };
		F46799251C5CEB4D009A9320 /* back_arrow@2x.png */ = {isa = PBXFileReference; lastKnownFileType = image.png; path = "back_arrow@2x.png"; sourceTree = "<group>"; };
		F4B2631B1C4E840700599CF8 /* LiangCang-Prefix.pch */ = {isa = PBXFileReference; lastKnownFileType = sourcecode.c.h; path = "LiangCang-Prefix.pch"; sourceTree = "<group>"; };
		F4B2631C1C4E847200599CF8 /* System.h */ = {isa = PBXFileReference; lastKnownFileType = sourcecode.c.h; path = System.h; sourceTree = "<group>"; };
		F4CE419F1C5A51FD0078FBDA /* NSDictionary+safeObjectForKey.h */ = {isa = PBXFileReference; fileEncoding = 4; lastKnownFileType = sourcecode.c.h; path = "NSDictionary+safeObjectForKey.h"; sourceTree = "<group>"; };
		F4CE41A01C5A51FD0078FBDA /* NSDictionary+safeObjectForKey.m */ = {isa = PBXFileReference; fileEncoding = 4; lastKnownFileType = sourcecode.c.objc; path = "NSDictionary+safeObjectForKey.m"; sourceTree = "<group>"; };
		F4CE41A11C5A51FD0078FBDA /* NSString+Tools.h */ = {isa = PBXFileReference; fileEncoding = 4; lastKnownFileType = sourcecode.c.h; path = "NSString+Tools.h"; sourceTree = "<group>"; };
		F4CE41A21C5A51FD0078FBDA /* NSString+Tools.m */ = {isa = PBXFileReference; fileEncoding = 4; lastKnownFileType = sourcecode.c.objc; path = "NSString+Tools.m"; sourceTree = "<group>"; };
		F4CE41A31C5A51FD0078FBDA /* UIButton+TJButtom.h */ = {isa = PBXFileReference; fileEncoding = 4; lastKnownFileType = sourcecode.c.h; path = "UIButton+TJButtom.h"; sourceTree = "<group>"; };
		F4CE41A41C5A51FD0078FBDA /* UIButton+TJButtom.m */ = {isa = PBXFileReference; fileEncoding = 4; lastKnownFileType = sourcecode.c.objc; path = "UIButton+TJButtom.m"; sourceTree = "<group>"; };
		F4CE41A51C5A51FD0078FBDA /* UIView+AddBadge.h */ = {isa = PBXFileReference; fileEncoding = 4; lastKnownFileType = sourcecode.c.h; path = "UIView+AddBadge.h"; sourceTree = "<group>"; };
		F4CE41A61C5A51FD0078FBDA /* UIView+AddBadge.m */ = {isa = PBXFileReference; fileEncoding = 4; lastKnownFileType = sourcecode.c.objc; path = "UIView+AddBadge.m"; sourceTree = "<group>"; };
		F4CE41AB1C5A520D0078FBDA /* KKNavigationController.h */ = {isa = PBXFileReference; fileEncoding = 4; lastKnownFileType = sourcecode.c.h; path = KKNavigationController.h; sourceTree = "<group>"; };
		F4CE41AC1C5A520D0078FBDA /* KKNavigationController.m */ = {isa = PBXFileReference; fileEncoding = 4; lastKnownFileType = sourcecode.c.objc; path = KKNavigationController.m; sourceTree = "<group>"; };
		F4CE41AD1C5A520D0078FBDA /* YunButton.h */ = {isa = PBXFileReference; fileEncoding = 4; lastKnownFileType = sourcecode.c.h; path = YunButton.h; sourceTree = "<group>"; };
		F4CE41AE1C5A520D0078FBDA /* YunButton.m */ = {isa = PBXFileReference; fileEncoding = 4; lastKnownFileType = sourcecode.c.objc; path = YunButton.m; sourceTree = "<group>"; };
		F4CE41DA1C5A5D070078FBDA /* magazine_tab_select.png */ = {isa = PBXFileReference; lastKnownFileType = image.png; path = magazine_tab_select.png; sourceTree = "<group>"; };
		F4CE41DB1C5A5D070078FBDA /* magazine_tab_select@2x.png */ = {isa = PBXFileReference; lastKnownFileType = image.png; path = "magazine_tab_select@2x.png"; sourceTree = "<group>"; };
		F4CE41DC1C5A5D070078FBDA /* magazine_tab.png */ = {isa = PBXFileReference; lastKnownFileType = image.png; path = magazine_tab.png; sourceTree = "<group>"; };
		F4CE41DD1C5A5D070078FBDA /* magazine_tab@2x.png */ = {isa = PBXFileReference; lastKnownFileType = image.png; path = "magazine_tab@2x.png"; sourceTree = "<group>"; };
		F4CE41DE1C5A5D070078FBDA /* personal_tab_select.png */ = {isa = PBXFileReference; lastKnownFileType = image.png; path = personal_tab_select.png; sourceTree = "<group>"; };
		F4CE41DF1C5A5D070078FBDA /* personal_tab_select@2x.png */ = {isa = PBXFileReference; lastKnownFileType = image.png; path = "personal_tab_select@2x.png"; sourceTree = "<group>"; };
		F4CE41E01C5A5D070078FBDA /* personal_tab.png */ = {isa = PBXFileReference; lastKnownFileType = image.png; path = personal_tab.png; sourceTree = "<group>"; };
		F4CE41E11C5A5D070078FBDA /* personal_tab@2x.png */ = {isa = PBXFileReference; lastKnownFileType = image.png; path = "personal_tab@2x.png"; sourceTree = "<group>"; };
		F4CE41E21C5A5D070078FBDA /* share_tab_select.png */ = {isa = PBXFileReference; lastKnownFileType = image.png; path = share_tab_select.png; sourceTree = "<group>"; };
		F4CE41E31C5A5D070078FBDA /* share_tab_select@2x.png */ = {isa = PBXFileReference; lastKnownFileType = image.png; path = "share_tab_select@2x.png"; sourceTree = "<group>"; };
		F4CE41E41C5A5D070078FBDA /* share_tab.png */ = {isa = PBXFileReference; lastKnownFileType = image.png; path = share_tab.png; sourceTree = "<group>"; };
		F4CE41E51C5A5D070078FBDA /* share_tab@2x.png */ = {isa = PBXFileReference; lastKnownFileType = image.png; path = "share_tab@2x.png"; sourceTree = "<group>"; };
		F4CE41E61C5A5D070078FBDA /* shop_tab_select.png */ = {isa = PBXFileReference; lastKnownFileType = image.png; path = shop_tab_select.png; sourceTree = "<group>"; };
		F4CE41E71C5A5D070078FBDA /* shop_tab_select@2x.png */ = {isa = PBXFileReference; lastKnownFileType = image.png; path = "shop_tab_select@2x.png"; sourceTree = "<group>"; };
		F4CE41E81C5A5D070078FBDA /* shop_tab.png */ = {isa = PBXFileReference; lastKnownFileType = image.png; path = shop_tab.png; sourceTree = "<group>"; };
		F4CE41E91C5A5D070078FBDA /* shop_tab@2x.png */ = {isa = PBXFileReference; lastKnownFileType = image.png; path = "shop_tab@2x.png"; sourceTree = "<group>"; };
		F4CE41EA1C5A5D070078FBDA /* talent_tab_select.png */ = {isa = PBXFileReference; lastKnownFileType = image.png; path = talent_tab_select.png; sourceTree = "<group>"; };
		F4CE41EB1C5A5D070078FBDA /* talent_tab_select@2x.png */ = {isa = PBXFileReference; lastKnownFileType = image.png; path = "talent_tab_select@2x.png"; sourceTree = "<group>"; };
		F4CE41EC1C5A5D070078FBDA /* talent_tab.png */ = {isa = PBXFileReference; lastKnownFileType = image.png; path = talent_tab.png; sourceTree = "<group>"; };
		F4CE41ED1C5A5D070078FBDA /* talent_tab@2x.png */ = {isa = PBXFileReference; lastKnownFileType = image.png; path = "talent_tab@2x.png"; sourceTree = "<group>"; };
		F4E341D91C4E69ED0094CAF6 /* LiangCang.app */ = {isa = PBXFileReference; explicitFileType = wrapper.application; includeInIndex = 0; path = LiangCang.app; sourceTree = BUILT_PRODUCTS_DIR; };
		F4E341DD1C4E69EE0094CAF6 /* main.m */ = {isa = PBXFileReference; lastKnownFileType = sourcecode.c.objc; path = main.m; sourceTree = "<group>"; };
		F4E341DF1C4E69EE0094CAF6 /* AppDelegate.h */ = {isa = PBXFileReference; lastKnownFileType = sourcecode.c.h; path = AppDelegate.h; sourceTree = "<group>"; };
		F4E341E01C4E69EE0094CAF6 /* AppDelegate.m */ = {isa = PBXFileReference; lastKnownFileType = sourcecode.c.objc; path = AppDelegate.m; sourceTree = "<group>"; };
		F4E341E61C4E69EE0094CAF6 /* Base */ = {isa = PBXFileReference; lastKnownFileType = file.storyboard; name = Base; path = Base.lproj/Main.storyboard; sourceTree = "<group>"; };
		F4E341EB1C4E69EE0094CAF6 /* Base */ = {isa = PBXFileReference; lastKnownFileType = file.storyboard; name = Base; path = Base.lproj/LaunchScreen.storyboard; sourceTree = "<group>"; };
		F4E341ED1C4E69EE0094CAF6 /* Info.plist */ = {isa = PBXFileReference; lastKnownFileType = text.plist.xml; path = Info.plist; sourceTree = "<group>"; };
		F4E341F21C4E69EE0094CAF6 /* LiangCangTests.xctest */ = {isa = PBXFileReference; explicitFileType = wrapper.cfbundle; includeInIndex = 0; path = LiangCangTests.xctest; sourceTree = BUILT_PRODUCTS_DIR; };
		F4E341F61C4E69EE0094CAF6 /* LiangCangTests.m */ = {isa = PBXFileReference; lastKnownFileType = sourcecode.c.objc; path = LiangCangTests.m; sourceTree = "<group>"; };
		F4E341F81C4E69EE0094CAF6 /* Info.plist */ = {isa = PBXFileReference; lastKnownFileType = text.plist.xml; path = Info.plist; sourceTree = "<group>"; };
		F4E341FD1C4E69EE0094CAF6 /* LiangCangUITests.xctest */ = {isa = PBXFileReference; explicitFileType = wrapper.cfbundle; includeInIndex = 0; path = LiangCangUITests.xctest; sourceTree = BUILT_PRODUCTS_DIR; };
		F4E342011C4E69EE0094CAF6 /* LiangCangUITests.m */ = {isa = PBXFileReference; lastKnownFileType = sourcecode.c.objc; path = LiangCangUITests.m; sourceTree = "<group>"; };
		F4E342031C4E69EE0094CAF6 /* Info.plist */ = {isa = PBXFileReference; lastKnownFileType = text.plist.xml; path = Info.plist; sourceTree = "<group>"; };
		F4EE56EA1C58FB4400700DB4 /* UIImage+Color.h */ = {isa = PBXFileReference; fileEncoding = 4; lastKnownFileType = sourcecode.c.h; path = "UIImage+Color.h"; sourceTree = "<group>"; };
		F4EE56EB1C58FB4400700DB4 /* UIImage+Color.m */ = {isa = PBXFileReference; fileEncoding = 4; lastKnownFileType = sourcecode.c.objc; path = "UIImage+Color.m"; sourceTree = "<group>"; };
		F4EE56ED1C5A44B500700DB4 /* BaseTabBarController.h */ = {isa = PBXFileReference; fileEncoding = 4; lastKnownFileType = sourcecode.c.h; path = BaseTabBarController.h; sourceTree = "<group>"; };
		F4EE56EE1C5A44B500700DB4 /* BaseTabBarController.m */ = {isa = PBXFileReference; fileEncoding = 4; lastKnownFileType = sourcecode.c.objc; path = BaseTabBarController.m; sourceTree = "<group>"; };
		F4EE56F41C5A49BF00700DB4 /* category.png */ = {isa = PBXFileReference; lastKnownFileType = image.png; path = category.png; sourceTree = "<group>"; };
		F4EE56F51C5A49BF00700DB4 /* search.png */ = {isa = PBXFileReference; lastKnownFileType = image.png; path = search.png; sourceTree = "<group>"; };
		F4EE56FD1C5A505F00700DB4 /* CartViewController.h */ = {isa = PBXFileReference; fileEncoding = 4; lastKnownFileType = sourcecode.c.h; path = CartViewController.h; sourceTree = "<group>"; };
		F4EE56FE1C5A505F00700DB4 /* CartViewController.m */ = {isa = PBXFileReference; fileEncoding = 4; lastKnownFileType = sourcecode.c.objc; path = CartViewController.m; sourceTree = "<group>"; };
/* End PBXFileReference section */

/* Begin PBXFrameworksBuildPhase section */
		F4E341D61C4E69ED0094CAF6 /* Frameworks */ = {
			isa = PBXFrameworksBuildPhase;
			buildActionMask = 2147483647;
			files = (
				F438E2051C5D028D004E37D3 /* ImageIO.framework in Frameworks */,
				F438E2031C5D0280004E37D3 /* MobileCoreServices.framework in Frameworks */,
				F438E2011C5D0270004E37D3 /* QuartzCore.framework in Frameworks */,
				E6966CEA0CB03F85BE875122 /* libPods.a in Frameworks */,
			);
			runOnlyForDeploymentPostprocessing = 0;
		};
		F4E341EF1C4E69EE0094CAF6 /* Frameworks */ = {
			isa = PBXFrameworksBuildPhase;
			buildActionMask = 2147483647;
			files = (
			);
			runOnlyForDeploymentPostprocessing = 0;
		};
		F4E341FA1C4E69EE0094CAF6 /* Frameworks */ = {
			isa = PBXFrameworksBuildPhase;
			buildActionMask = 2147483647;
			files = (
			);
			runOnlyForDeploymentPostprocessing = 0;
		};
/* End PBXFrameworksBuildPhase section */

/* Begin PBXGroup section */
		093F98B80E1E2443CD17A11B /* Pods */ = {
			isa = PBXGroup;
			children = (
				831C2FF701C66DAD790B6ECA /* Pods.debug.xcconfig */,
				49569D8DE4D0BED16A2EBDF4 /* Pods.release.xcconfig */,
			);
			name = Pods;
			sourceTree = "<group>";
		};
		17DCE11BF6E0DE3B76DA2FAC /* Frameworks */ = {
			isa = PBXGroup;
			children = (
				F438E2041C5D028D004E37D3 /* ImageIO.framework */,
				F438E2021C5D0280004E37D3 /* MobileCoreServices.framework */,
				F438E2001C5D0270004E37D3 /* QuartzCore.framework */,
				3DFF22DEFE71AA0A6EA1D94F /* libPods.a */,
			);
			name = Frameworks;
			sourceTree = "<group>";
		};
		952049271C4F27EC001C4BB3 /* Magazine */ = {
			isa = PBXGroup;
			children = (
				F4B2631E1C4FBCAD00599CF8 /* Controllers */,
				F4B2631F1C4FBCAD00599CF8 /* Models */,
				F4B263201C4FBCAD00599CF8 /* Views */,
			);
			path = Magazine;
			sourceTree = "<group>";
		};
		9520492B1C4F27EC001C4BB3 /* Personal */ = {
			isa = PBXGroup;
			children = (
				9542927D1C60F90100CAB837 /* Controllers */,
			);
			path = Personal;
			sourceTree = "<group>";
		};
		9520492F1C4F27EC001C4BB3 /* Share */ = {
			isa = PBXGroup;
			children = (
				954292791C60F8CA00CAB837 /* Controllers */,
			);
			path = Share;
			sourceTree = "<group>";
		};
		952049331C4F27EC001C4BB3 /* Shop */ = {
			isa = PBXGroup;
			children = (
				F4B263271C4FBD4200599CF8 /* Controllers */,
				F4B263281C4FBD4200599CF8 /* Models */,
				F4B263291C4FBD4200599CF8 /* Views */,
			);
			path = Shop;
			sourceTree = "<group>";
		};
		9521702B1C5AFFC000FA73C8 /* Magazine */ = {
			isa = PBXGroup;
			children = (
				952170351C5B577700FA73C8 /* arrow.png */,
				952170361C5B577700FA73C8 /* arrow@2x.png */,
			);
			path = Magazine;
			sourceTree = "<group>";
		};
		952AD7141C579F7F00BC5DDE /* Images */ = {
			isa = PBXGroup;
			children = (
				9521702B1C5AFFC000FA73C8 /* Magazine */,
				F4CE41B11C5A5BE30078FBDA /* TabBarIcon */,
				F4EE56F11C5A49BF00700DB4 /* Personal */,
				F4EE56F21C5A49BF00700DB4 /* Share */,
				F4EE56F31C5A49BF00700DB4 /* Shop */,
				F4EE56F71C5A49BF00700DB4 /* Talent */,
			);
			path = Images;
			sourceTree = "<group>";
		};
		954292791C60F8CA00CAB837 /* Controllers */ = {
			isa = PBXGroup;
			children = (
				9542927A1C60F8DA00CAB837 /* ShareViewController.h */,
				9542927B1C60F8DA00CAB837 /* ShareViewController.m */,
			);
			path = Controllers;
			sourceTree = "<group>";
		};
		9542927D1C60F90100CAB837 /* Controllers */ = {
			isa = PBXGroup;
			children = (
				9542927E1C60F90C00CAB837 /* PersonalViewController.h */,
				9542927F1C60F90C00CAB837 /* PersonalViewController.m */,
			);
			path = Controllers;
			sourceTree = "<group>";
		};
		954292811C60F92600CAB837 /* Controllers */ = {
			isa = PBXGroup;
			children = (
				954292821C60F93000CAB837 /* TalentViewController.h */,
				954292831C60F93000CAB837 /* TalentViewController.m */,
			);
			path = Controllers;
			sourceTree = "<group>";
		};
		95BD800B1C55B59B0090D993 /* Category */ = {
			isa = PBXGroup;
			children = (
				F4CE419F1C5A51FD0078FBDA /* NSDictionary+safeObjectForKey.h */,
				F4CE41A01C5A51FD0078FBDA /* NSDictionary+safeObjectForKey.m */,
				F4CE41A11C5A51FD0078FBDA /* NSString+Tools.h */,
				F4CE41A21C5A51FD0078FBDA /* NSString+Tools.m */,
				F4CE41A31C5A51FD0078FBDA /* UIButton+TJButtom.h */,
				F4CE41A41C5A51FD0078FBDA /* UIButton+TJButtom.m */,
				F4CE41A51C5A51FD0078FBDA /* UIView+AddBadge.h */,
				F4CE41A61C5A51FD0078FBDA /* UIView+AddBadge.m */,
				F4EE56EA1C58FB4400700DB4 /* UIImage+Color.h */,
				F4EE56EB1C58FB4400700DB4 /* UIImage+Color.m */,
			);
			path = Category;
			sourceTree = "<group>";
		};
		95BD800C1C55B59B0090D993 /* Library */ = {
			isa = PBXGroup;
			children = (
			);
			path = Library;
			sourceTree = "<group>";
		};
		95BD800D1C55B59B0090D993 /* Tool */ = {
			isa = PBXGroup;
			children = (
				F4CE41AB1C5A520D0078FBDA /* KKNavigationController.h */,
				F4CE41AC1C5A520D0078FBDA /* KKNavigationController.m */,
				F4CE41AD1C5A520D0078FBDA /* YunButton.h */,
				F4CE41AE1C5A520D0078FBDA /* YunButton.m */,
				95BD80111C55B7DE0090D993 /* LaunchScreenPages */,
				95B35BA81C58CD120057C143 /* BaseViewController.h */,
				95B35BA91C58CD120057C143 /* BaseViewController.m */,
				956B0C491C59A677003E6859 /* XXYSelectorView.h */,
				956B0C4A1C59A677003E6859 /* XXYSelectorView.m */,
				F4EE56ED1C5A44B500700DB4 /* BaseTabBarController.h */,
				F4EE56EE1C5A44B500700DB4 /* BaseTabBarController.m */,
			);
			path = Tool;
			sourceTree = "<group>";
		};
		95BD80111C55B7DE0090D993 /* LaunchScreenPages */ = {
			isa = PBXGroup;
			children = (
				F438E2081C5D0DEB004E37D3 /* AnimatedGIFImageSerialization.h */,
				F438E2091C5D0DEB004E37D3 /* AnimatedGIFImageSerialization.m */,
				9542926B1C60770D00CAB837 /* LaunchScreenViewController.h */,
				9542926C1C60770D00CAB837 /* LaunchScreenViewController.m */,
			);
			path = LaunchScreenPages;
			sourceTree = "<group>";
		};
		F4B2631D1C4FBC5400599CF8 /* StoryBoardXib */ = {
			isa = PBXGroup;
			children = (
				F4E341E51C4E69EE0094CAF6 /* Main.storyboard */,
				F4E341EA1C4E69EE0094CAF6 /* LaunchScreen.storyboard */,
			);
			path = StoryBoardXib;
			sourceTree = "<group>";
		};
		F4B2631E1C4FBCAD00599CF8 /* Controllers */ = {
			isa = PBXGroup;
			children = (
				9521702E1C5B008600FA73C8 /* MagazineViewController.h */,
				9521702F1C5B008600FA73C8 /* MagazineViewController.m */,
			);
			path = Controllers;
			sourceTree = "<group>";
		};
		F4B2631F1C4FBCAD00599CF8 /* Models */ = {
			isa = PBXGroup;
			children = (
			);
			path = Models;
			sourceTree = "<group>";
		};
		F4B263201C4FBCAD00599CF8 /* Views */ = {
			isa = PBXGroup;
			children = (
			);
			path = Views;
			sourceTree = "<group>";
		};
		F4B263271C4FBD4200599CF8 /* Controllers */ = {
			isa = PBXGroup;
			children = (
				95B35BAB1C58CD2C0057C143 /* ShopViewController.h */,
				95B35BAC1C58CD2C0057C143 /* ShopViewController.m */,
				F4EE56FD1C5A505F00700DB4 /* CartViewController.h */,
				F4EE56FE1C5A505F00700DB4 /* CartViewController.m */,
			);
			path = Controllers;
			sourceTree = "<group>";
		};
		F4B263281C4FBD4200599CF8 /* Models */ = {
			isa = PBXGroup;
			children = (
			);
			path = Models;
			sourceTree = "<group>";
		};
		F4B263291C4FBD4200599CF8 /* Views */ = {
			isa = PBXGroup;
			children = (
			);
			path = Views;
			sourceTree = "<group>";
		};
		F4B2632B1C4FBD8E00599CF8 /* Talent */ = {
			isa = PBXGroup;
			children = (
				954292811C60F92600CAB837 /* Controllers */,
			);
			path = Talent;
			sourceTree = "<group>";
		};
		F4CE41B11C5A5BE30078FBDA /* TabBarIcon */ = {
			isa = PBXGroup;
			children = (
				F4CE41DA1C5A5D070078FBDA /* magazine_tab_select.png */,
				F4CE41DB1C5A5D070078FBDA /* magazine_tab_select@2x.png */,
				F4CE41DC1C5A5D070078FBDA /* magazine_tab.png */,
				F4CE41DD1C5A5D070078FBDA /* magazine_tab@2x.png */,
				F4CE41DE1C5A5D070078FBDA /* personal_tab_select.png */,
				F4CE41DF1C5A5D070078FBDA /* personal_tab_select@2x.png */,
				F4CE41E01C5A5D070078FBDA /* personal_tab.png */,
				F4CE41E11C5A5D070078FBDA /* personal_tab@2x.png */,
				F4CE41E21C5A5D070078FBDA /* share_tab_select.png */,
				F4CE41E31C5A5D070078FBDA /* share_tab_select@2x.png */,
				F4CE41E41C5A5D070078FBDA /* share_tab.png */,
				F4CE41E51C5A5D070078FBDA /* share_tab@2x.png */,
				F4CE41E61C5A5D070078FBDA /* shop_tab_select.png */,
				F4CE41E71C5A5D070078FBDA /* shop_tab_select@2x.png */,
				F4CE41E81C5A5D070078FBDA /* shop_tab.png */,
				F4CE41E91C5A5D070078FBDA /* shop_tab@2x.png */,
				F4CE41EA1C5A5D070078FBDA /* talent_tab_select.png */,
				F4CE41EB1C5A5D070078FBDA /* talent_tab_select@2x.png */,
				F4CE41EC1C5A5D070078FBDA /* talent_tab.png */,
				F4CE41ED1C5A5D070078FBDA /* talent_tab@2x.png */,
			);
			path = TabBarIcon;
			sourceTree = "<group>";
		};
		F4E341D01C4E69ED0094CAF6 = {
			isa = PBXGroup;
			children = (
				F4E341DB1C4E69ED0094CAF6 /* LiangCang */,
				F4E341F51C4E69EE0094CAF6 /* LiangCangTests */,
				F4E342001C4E69EE0094CAF6 /* LiangCangUITests */,
				F4E341DA1C4E69ED0094CAF6 /* Products */,
				093F98B80E1E2443CD17A11B /* Pods */,
				17DCE11BF6E0DE3B76DA2FAC /* Frameworks */,
			);
			sourceTree = "<group>";
		};
		F4E341DA1C4E69ED0094CAF6 /* Products */ = {
			isa = PBXGroup;
			children = (
				F4E341D91C4E69ED0094CAF6 /* LiangCang.app */,
				F4E341F21C4E69EE0094CAF6 /* LiangCangTests.xctest */,
				F4E341FD1C4E69EE0094CAF6 /* LiangCangUITests.xctest */,
			);
			name = Products;
			sourceTree = "<group>";
		};
		F4E341DB1C4E69ED0094CAF6 /* LiangCang */ = {
			isa = PBXGroup;
			children = (
				95BD800B1C55B59B0090D993 /* Category */,
				95BD800C1C55B59B0090D993 /* Library */,
				95BD800D1C55B59B0090D993 /* Tool */,
				952049271C4F27EC001C4BB3 /* Magazine */,
				9520492B1C4F27EC001C4BB3 /* Personal */,
				9520492F1C4F27EC001C4BB3 /* Share */,
				952049331C4F27EC001C4BB3 /* Shop */,
				F4B2632B1C4FBD8E00599CF8 /* Talent */,
				F4B2631D1C4FBC5400599CF8 /* StoryBoardXib */,
				F4E341DC1C4E69ED0094CAF6 /* Supporting Files */,
			);
			path = LiangCang;
			sourceTree = "<group>";
		};
		F4E341DC1C4E69ED0094CAF6 /* Supporting Files */ = {
			isa = PBXGroup;
			children = (
				952AD7141C579F7F00BC5DDE /* Images */,
				F4E341DF1C4E69EE0094CAF6 /* AppDelegate.h */,
				F4E341E01C4E69EE0094CAF6 /* AppDelegate.m */,
				954292691C603E0700CAB837 /* Assets.xcassets */,
				F4E341ED1C4E69EE0094CAF6 /* Info.plist */,
				F4E341DD1C4E69EE0094CAF6 /* main.m */,
				F4B2631B1C4E840700599CF8 /* LiangCang-Prefix.pch */,
				F4B2631C1C4E847200599CF8 /* System.h */,
			);
			name = "Supporting Files";
			sourceTree = "<group>";
		};
		F4E341F51C4E69EE0094CAF6 /* LiangCangTests */ = {
			isa = PBXGroup;
			children = (
				F4E341F61C4E69EE0094CAF6 /* LiangCangTests.m */,
				F4E341F81C4E69EE0094CAF6 /* Info.plist */,
			);
			path = LiangCangTests;
			sourceTree = "<group>";
		};
		F4E342001C4E69EE0094CAF6 /* LiangCangUITests */ = {
			isa = PBXGroup;
			children = (
				F4E342011C4E69EE0094CAF6 /* LiangCangUITests.m */,
				F4E342031C4E69EE0094CAF6 /* Info.plist */,
			);
			path = LiangCangUITests;
			sourceTree = "<group>";
		};
		F4EE56F11C5A49BF00700DB4 /* Personal */ = {
			isa = PBXGroup;
			children = (
				F438E2061C5D0BFF004E37D3 /* LiangCangGIF.gif */,
			);
			path = Personal;
			sourceTree = "<group>";
		};
		F4EE56F21C5A49BF00700DB4 /* Share */ = {
			isa = PBXGroup;
			children = (
				954292721C607BF600CAB837 /* left_category.png */,
				954292731C607BF600CAB837 /* left_category@2x.png */,
			);
			path = Share;
			sourceTree = "<group>";
		};
		F4EE56F31C5A49BF00700DB4 /* Shop */ = {
			isa = PBXGroup;
			children = (
				954292851C60FB8E00CAB837 /* search@2x.png */,
				954292701C60793B00CAB837 /* LaunchScreen.png */,
				F46799241C5CEB4D009A9320 /* back_arrow.png */,
				F46799251C5CEB4D009A9320 /* back_arrow@2x.png */,
				952170311C5B4FA700FA73C8 /* cart.png */,
				952170321C5B4FA700FA73C8 /* cart@2x.png */,
				F4EE56F41C5A49BF00700DB4 /* category.png */,
				F4EE56F51C5A49BF00700DB4 /* search.png */,
			);
			path = Shop;
			sourceTree = "<group>";
		};
		F4EE56F71C5A49BF00700DB4 /* Talent */ = {
			isa = PBXGroup;
			children = (
			);
			path = Talent;
			sourceTree = "<group>";
		};
/* End PBXGroup section */

/* Begin PBXNativeTarget section */
		F4E341D81C4E69ED0094CAF6 /* LiangCang */ = {
			isa = PBXNativeTarget;
			buildConfigurationList = F4E342061C4E69EE0094CAF6 /* Build configuration list for PBXNativeTarget "LiangCang" */;
			buildPhases = (
				4E28A7FF8863315FE62471D5 /* Check Pods Manifest.lock */,
				F4E341D51C4E69ED0094CAF6 /* Sources */,
				F4E341D61C4E69ED0094CAF6 /* Frameworks */,
				F4E341D71C4E69ED0094CAF6 /* Resources */,
				F3B2A9E8198A64E025EC7464 /* Embed Pods Frameworks */,
				6F4A150475E8814B613B891B /* Copy Pods Resources */,
			);
			buildRules = (
			);
			dependencies = (
			);
			name = LiangCang;
			productName = LiangCang;
			productReference = F4E341D91C4E69ED0094CAF6 /* LiangCang.app */;
			productType = "com.apple.product-type.application";
		};
		F4E341F11C4E69EE0094CAF6 /* LiangCangTests */ = {
			isa = PBXNativeTarget;
			buildConfigurationList = F4E342091C4E69EE0094CAF6 /* Build configuration list for PBXNativeTarget "LiangCangTests" */;
			buildPhases = (
				F4E341EE1C4E69EE0094CAF6 /* Sources */,
				F4E341EF1C4E69EE0094CAF6 /* Frameworks */,
				F4E341F01C4E69EE0094CAF6 /* Resources */,
			);
			buildRules = (
			);
			dependencies = (
				F4E341F41C4E69EE0094CAF6 /* PBXTargetDependency */,
			);
			name = LiangCangTests;
			productName = LiangCangTests;
			productReference = F4E341F21C4E69EE0094CAF6 /* LiangCangTests.xctest */;
			productType = "com.apple.product-type.bundle.unit-test";
		};
		F4E341FC1C4E69EE0094CAF6 /* LiangCangUITests */ = {
			isa = PBXNativeTarget;
			buildConfigurationList = F4E3420C1C4E69EE0094CAF6 /* Build configuration list for PBXNativeTarget "LiangCangUITests" */;
			buildPhases = (
				F4E341F91C4E69EE0094CAF6 /* Sources */,
				F4E341FA1C4E69EE0094CAF6 /* Frameworks */,
				F4E341FB1C4E69EE0094CAF6 /* Resources */,
			);
			buildRules = (
			);
			dependencies = (
				F4E341FF1C4E69EE0094CAF6 /* PBXTargetDependency */,
			);
			name = LiangCangUITests;
			productName = LiangCangUITests;
			productReference = F4E341FD1C4E69EE0094CAF6 /* LiangCangUITests.xctest */;
			productType = "com.apple.product-type.bundle.ui-testing";
		};
/* End PBXNativeTarget section */

/* Begin PBXProject section */
		F4E341D11C4E69ED0094CAF6 /* Project object */ = {
			isa = PBXProject;
			attributes = {
				LastUpgradeCheck = 0700;
				ORGANIZATIONNAME = Mr.Xi;
				TargetAttributes = {
					F4E341D81C4E69ED0094CAF6 = {
						CreatedOnToolsVersion = 7.0.1;
						DevelopmentTeam = N54ULJ42AD;
					};
					F4E341F11C4E69EE0094CAF6 = {
						CreatedOnToolsVersion = 7.0.1;
						TestTargetID = F4E341D81C4E69ED0094CAF6;
					};
					F4E341FC1C4E69EE0094CAF6 = {
						CreatedOnToolsVersion = 7.0.1;
						TestTargetID = F4E341D81C4E69ED0094CAF6;
					};
				};
			};
			buildConfigurationList = F4E341D41C4E69ED0094CAF6 /* Build configuration list for PBXProject "LiangCang" */;
			compatibilityVersion = "Xcode 3.2";
			developmentRegion = English;
			hasScannedForEncodings = 0;
			knownRegions = (
				en,
				Base,
			);
			mainGroup = F4E341D01C4E69ED0094CAF6;
			productRefGroup = F4E341DA1C4E69ED0094CAF6 /* Products */;
			projectDirPath = "";
			projectRoot = "";
			targets = (
				F4E341D81C4E69ED0094CAF6 /* LiangCang */,
				F4E341F11C4E69EE0094CAF6 /* LiangCangTests */,
				F4E341FC1C4E69EE0094CAF6 /* LiangCangUITests */,
			);
		};
/* End PBXProject section */

/* Begin PBXResourcesBuildPhase section */
		F4E341D71C4E69ED0094CAF6 /* Resources */ = {
			isa = PBXResourcesBuildPhase;
			buildActionMask = 2147483647;
			files = (
				954292861C60FB8E00CAB837 /* search@2x.png in Resources */,
				F4CE41F31C5A5D070078FBDA /* personal_tab_select@2x.png in Resources */,
				952170371C5B577700FA73C8 /* arrow.png in Resources */,
				954292741C607BF600CAB837 /* left_category.png in Resources */,
				952170331C5B4FA700FA73C8 /* cart.png in Resources */,
				F46799261C5CEB4D009A9320 /* back_arrow.png in Resources */,
				F4CE41F01C5A5D070078FBDA /* magazine_tab.png in Resources */,
				F4EE56F91C5A49BF00700DB4 /* search.png in Resources */,
				F4E341EC1C4E69EE0094CAF6 /* LaunchScreen.storyboard in Resources */,
				F4CE41EF1C5A5D070078FBDA /* magazine_tab_select@2x.png in Resources */,
				F46799271C5CEB4D009A9320 /* back_arrow@2x.png in Resources */,
				F4CE41F91C5A5D070078FBDA /* share_tab@2x.png in Resources */,
				F4CE41EE1C5A5D070078FBDA /* magazine_tab_select.png in Resources */,
				F4CE41F41C5A5D070078FBDA /* personal_tab.png in Resources */,
				952170341C5B4FA700FA73C8 /* cart@2x.png in Resources */,
				F4CE41FB1C5A5D070078FBDA /* shop_tab_select@2x.png in Resources */,
				F438E2071C5D0BFF004E37D3 /* LiangCangGIF.gif in Resources */,
				F4CE41FA1C5A5D070078FBDA /* shop_tab_select.png in Resources */,
				F4CE41F71C5A5D070078FBDA /* share_tab_select@2x.png in Resources */,
				F4CE42001C5A5D070078FBDA /* talent_tab.png in Resources */,
				F4CE41FD1C5A5D070078FBDA /* shop_tab@2x.png in Resources */,
				F4CE41F21C5A5D070078FBDA /* personal_tab_select.png in Resources */,
				F4CE41F81C5A5D070078FBDA /* share_tab.png in Resources */,
				F4EE56F81C5A49BF00700DB4 /* category.png in Resources */,
				F4E341E71C4E69EE0094CAF6 /* Main.storyboard in Resources */,
				F4CE41F11C5A5D070078FBDA /* magazine_tab@2x.png in Resources */,
				954292711C60793B00CAB837 /* LaunchScreen.png in Resources */,
				F4CE41FF1C5A5D070078FBDA /* talent_tab_select@2x.png in Resources */,
				F4CE41FC1C5A5D070078FBDA /* shop_tab.png in Resources */,
				F4CE41FE1C5A5D070078FBDA /* talent_tab_select.png in Resources */,
				952170381C5B577700FA73C8 /* arrow@2x.png in Resources */,
				954292751C607BF600CAB837 /* left_category@2x.png in Resources */,
				F4CE41F51C5A5D070078FBDA /* personal_tab@2x.png in Resources */,
				F4CE42011C5A5D070078FBDA /* talent_tab@2x.png in Resources */,
				9542926A1C603E0700CAB837 /* Assets.xcassets in Resources */,
				F4CE41F61C5A5D070078FBDA /* share_tab_select.png in Resources */,
			);
			runOnlyForDeploymentPostprocessing = 0;
		};
		F4E341F01C4E69EE0094CAF6 /* Resources */ = {
			isa = PBXResourcesBuildPhase;
			buildActionMask = 2147483647;
			files = (
			);
			runOnlyForDeploymentPostprocessing = 0;
		};
		F4E341FB1C4E69EE0094CAF6 /* Resources */ = {
			isa = PBXResourcesBuildPhase;
			buildActionMask = 2147483647;
			files = (
			);
			runOnlyForDeploymentPostprocessing = 0;
		};
/* End PBXResourcesBuildPhase section */

/* Begin PBXShellScriptBuildPhase section */
		4E28A7FF8863315FE62471D5 /* Check Pods Manifest.lock */ = {
			isa = PBXShellScriptBuildPhase;
			buildActionMask = 2147483647;
			files = (
			);
			inputPaths = (
			);
			name = "Check Pods Manifest.lock";
			outputPaths = (
			);
			runOnlyForDeploymentPostprocessing = 0;
			shellPath = /bin/sh;
			shellScript = "diff \"${PODS_ROOT}/../Podfile.lock\" \"${PODS_ROOT}/Manifest.lock\" > /dev/null\nif [[ $? != 0 ]] ; then\n    cat << EOM\nerror: The sandbox is not in sync with the Podfile.lock. Run 'pod install' or update your CocoaPods installation.\nEOM\n    exit 1\nfi\n";
			showEnvVarsInLog = 0;
		};
		6F4A150475E8814B613B891B /* Copy Pods Resources */ = {
			isa = PBXShellScriptBuildPhase;
			buildActionMask = 2147483647;
			files = (
			);
			inputPaths = (
			);
			name = "Copy Pods Resources";
			outputPaths = (
			);
			runOnlyForDeploymentPostprocessing = 0;
			shellPath = /bin/sh;
			shellScript = "\"${SRCROOT}/Pods/Target Support Files/Pods/Pods-resources.sh\"\n";
			showEnvVarsInLog = 0;
		};
		F3B2A9E8198A64E025EC7464 /* Embed Pods Frameworks */ = {
			isa = PBXShellScriptBuildPhase;
			buildActionMask = 2147483647;
			files = (
			);
			inputPaths = (
			);
			name = "Embed Pods Frameworks";
			outputPaths = (
			);
			runOnlyForDeploymentPostprocessing = 0;
			shellPath = /bin/sh;
			shellScript = "\"${SRCROOT}/Pods/Target Support Files/Pods/Pods-frameworks.sh\"\n";
			showEnvVarsInLog = 0;
		};
/* End PBXShellScriptBuildPhase section */

/* Begin PBXSourcesBuildPhase section */
		F4E341D51C4E69ED0094CAF6 /* Sources */ = {
			isa = PBXSourcesBuildPhase;
			buildActionMask = 2147483647;
			files = (
				952170301C5B008600FA73C8 /* MagazineViewController.m in Sources */,
				F4EE56EF1C5A44B500700DB4 /* BaseTabBarController.m in Sources */,
				95B35BAD1C58CD2C0057C143 /* ShopViewController.m in Sources */,
				F4CE41A91C5A51FD0078FBDA /* UIButton+TJButtom.m in Sources */,
				954292841C60F93000CAB837 /* TalentViewController.m in Sources */,
				F4CE41A71C5A51FD0078FBDA /* NSDictionary+safeObjectForKey.m in Sources */,
				F4EE56FF1C5A505F00700DB4 /* CartViewController.m in Sources */,
				956B0C4B1C59A677003E6859 /* XXYSelectorView.m in Sources */,
				F4E341E11C4E69EE0094CAF6 /* AppDelegate.m in Sources */,
				F4E341DE1C4E69EE0094CAF6 /* main.m in Sources */,
				9542927C1C60F8DA00CAB837 /* ShareViewController.m in Sources */,
				F438E20A1C5D0DEB004E37D3 /* AnimatedGIFImageSerialization.m in Sources */,
				9542926D1C60770D00CAB837 /* LaunchScreenViewController.m in Sources */,
				F4CE41A81C5A51FD0078FBDA /* NSString+Tools.m in Sources */,
				95B35BAA1C58CD120057C143 /* BaseViewController.m in Sources */,
				F4CE41AA1C5A51FD0078FBDA /* UIView+AddBadge.m in Sources */,
				F4CE41AF1C5A520D0078FBDA /* KKNavigationController.m in Sources */,
				F4EE56EC1C58FB4400700DB4 /* UIImage+Color.m in Sources */,
				954292801C60F90C00CAB837 /* PersonalViewController.m in Sources */,
				F4CE41B01C5A520D0078FBDA /* YunButton.m in Sources */,
			);
			runOnlyForDeploymentPostprocessing = 0;
		};
		F4E341EE1C4E69EE0094CAF6 /* Sources */ = {
			isa = PBXSourcesBuildPhase;
			buildActionMask = 2147483647;
			files = (
				F4E341F71C4E69EE0094CAF6 /* LiangCangTests.m in Sources */,
			);
			runOnlyForDeploymentPostprocessing = 0;
		};
		F4E341F91C4E69EE0094CAF6 /* Sources */ = {
			isa = PBXSourcesBuildPhase;
			buildActionMask = 2147483647;
			files = (
				F4E342021C4E69EE0094CAF6 /* LiangCangUITests.m in Sources */,
			);
			runOnlyForDeploymentPostprocessing = 0;
		};
/* End PBXSourcesBuildPhase section */

/* Begin PBXTargetDependency section */
		F4E341F41C4E69EE0094CAF6 /* PBXTargetDependency */ = {
			isa = PBXTargetDependency;
			target = F4E341D81C4E69ED0094CAF6 /* LiangCang */;
			targetProxy = F4E341F31C4E69EE0094CAF6 /* PBXContainerItemProxy */;
		};
		F4E341FF1C4E69EE0094CAF6 /* PBXTargetDependency */ = {
			isa = PBXTargetDependency;
			target = F4E341D81C4E69ED0094CAF6 /* LiangCang */;
			targetProxy = F4E341FE1C4E69EE0094CAF6 /* PBXContainerItemProxy */;
		};
/* End PBXTargetDependency section */

/* Begin PBXVariantGroup section */
		F4E341E51C4E69EE0094CAF6 /* Main.storyboard */ = {
			isa = PBXVariantGroup;
			children = (
				F4E341E61C4E69EE0094CAF6 /* Base */,
			);
			name = Main.storyboard;
			path = ..;
			sourceTree = "<group>";
		};
		F4E341EA1C4E69EE0094CAF6 /* LaunchScreen.storyboard */ = {
			isa = PBXVariantGroup;
			children = (
				F4E341EB1C4E69EE0094CAF6 /* Base */,
			);
			name = LaunchScreen.storyboard;
			path = ..;
			sourceTree = "<group>";
		};
/* End PBXVariantGroup section */

/* Begin XCBuildConfiguration section */
		F4E342041C4E69EE0094CAF6 /* Debug */ = {
			isa = XCBuildConfiguration;
			buildSettings = {
				ALWAYS_SEARCH_USER_PATHS = NO;
				CLANG_CXX_LANGUAGE_STANDARD = "gnu++0x";
				CLANG_CXX_LIBRARY = "libc++";
				CLANG_ENABLE_MODULES = YES;
				CLANG_ENABLE_OBJC_ARC = YES;
				CLANG_WARN_BOOL_CONVERSION = YES;
				CLANG_WARN_CONSTANT_CONVERSION = YES;
				CLANG_WARN_DIRECT_OBJC_ISA_USAGE = YES_ERROR;
				CLANG_WARN_EMPTY_BODY = YES;
				CLANG_WARN_ENUM_CONVERSION = YES;
				CLANG_WARN_INT_CONVERSION = YES;
				CLANG_WARN_OBJC_ROOT_CLASS = YES_ERROR;
				CLANG_WARN_UNREACHABLE_CODE = YES;
				CLANG_WARN__DUPLICATE_METHOD_MATCH = YES;
				"CODE_SIGN_IDENTITY[sdk=iphoneos*]" = "iPhone Developer";
				COPY_PHASE_STRIP = NO;
				DEBUG_INFORMATION_FORMAT = dwarf;
				ENABLE_STRICT_OBJC_MSGSEND = YES;
				ENABLE_TESTABILITY = YES;
				GCC_C_LANGUAGE_STANDARD = gnu99;
				GCC_DYNAMIC_NO_PIC = NO;
				GCC_NO_COMMON_BLOCKS = YES;
				GCC_OPTIMIZATION_LEVEL = 0;
				GCC_PREPROCESSOR_DEFINITIONS = (
					"DEBUG=1",
					"$(inherited)",
				);
				GCC_WARN_64_TO_32_BIT_CONVERSION = YES;
				GCC_WARN_ABOUT_RETURN_TYPE = YES_ERROR;
				GCC_WARN_UNDECLARED_SELECTOR = YES;
				GCC_WARN_UNINITIALIZED_AUTOS = YES_AGGRESSIVE;
				GCC_WARN_UNUSED_FUNCTION = YES;
				GCC_WARN_UNUSED_VARIABLE = YES;
				IPHONEOS_DEPLOYMENT_TARGET = 9.0;
				MTL_ENABLE_DEBUG_INFO = YES;
				ONLY_ACTIVE_ARCH = YES;
				SDKROOT = iphoneos;
				TARGETED_DEVICE_FAMILY = "1,2";
			};
			name = Debug;
		};
		F4E342051C4E69EE0094CAF6 /* Release */ = {
			isa = XCBuildConfiguration;
			buildSettings = {
				ALWAYS_SEARCH_USER_PATHS = NO;
				CLANG_CXX_LANGUAGE_STANDARD = "gnu++0x";
				CLANG_CXX_LIBRARY = "libc++";
				CLANG_ENABLE_MODULES = YES;
				CLANG_ENABLE_OBJC_ARC = YES;
				CLANG_WARN_BOOL_CONVERSION = YES;
				CLANG_WARN_CONSTANT_CONVERSION = YES;
				CLANG_WARN_DIRECT_OBJC_ISA_USAGE = YES_ERROR;
				CLANG_WARN_EMPTY_BODY = YES;
				CLANG_WARN_ENUM_CONVERSION = YES;
				CLANG_WARN_INT_CONVERSION = YES;
				CLANG_WARN_OBJC_ROOT_CLASS = YES_ERROR;
				CLANG_WARN_UNREACHABLE_CODE = YES;
				CLANG_WARN__DUPLICATE_METHOD_MATCH = YES;
				"CODE_SIGN_IDENTITY[sdk=iphoneos*]" = "iPhone Developer";
				COPY_PHASE_STRIP = NO;
				DEBUG_INFORMATION_FORMAT = "dwarf-with-dsym";
				ENABLE_NS_ASSERTIONS = NO;
				ENABLE_STRICT_OBJC_MSGSEND = YES;
				GCC_C_LANGUAGE_STANDARD = gnu99;
				GCC_NO_COMMON_BLOCKS = YES;
				GCC_WARN_64_TO_32_BIT_CONVERSION = YES;
				GCC_WARN_ABOUT_RETURN_TYPE = YES_ERROR;
				GCC_WARN_UNDECLARED_SELECTOR = YES;
				GCC_WARN_UNINITIALIZED_AUTOS = YES_AGGRESSIVE;
				GCC_WARN_UNUSED_FUNCTION = YES;
				GCC_WARN_UNUSED_VARIABLE = YES;
				IPHONEOS_DEPLOYMENT_TARGET = 9.0;
				MTL_ENABLE_DEBUG_INFO = NO;
				SDKROOT = iphoneos;
				TARGETED_DEVICE_FAMILY = "1,2";
				VALIDATE_PRODUCT = YES;
			};
			name = Release;
		};
		F4E342071C4E69EE0094CAF6 /* Debug */ = {
			isa = XCBuildConfiguration;
			baseConfigurationReference = 831C2FF701C66DAD790B6ECA /* Pods.debug.xcconfig */;
			buildSettings = {
				ASSETCATALOG_COMPILER_APPICON_NAME = AppIcon;
				CODE_SIGN_IDENTITY = "iPhone Developer";
				"CODE_SIGN_IDENTITY[sdk=iphoneos*]" = "iPhone Developer";
				GCC_INCREASE_PRECOMPILED_HEADER_SHARING = YES;
				GCC_PRECOMPILE_PREFIX_HEADER = YES;
				GCC_PREFIX_HEADER = "$(SRCROOT)/LiangCang/LiangCang-Prefix.pch";
				INFOPLIST_FILE = LiangCang/Info.plist;
				IPHONEOS_DEPLOYMENT_TARGET = 8.0;
				LD_RUNPATH_SEARCH_PATHS = "$(inherited) @executable_path/Frameworks";
				PRODUCT_BUNDLE_IDENTIFIER = IT.LiangCang;
				PRODUCT_NAME = "$(TARGET_NAME)";
				PROVISIONING_PROFILE = "";
			};
			name = Debug;
		};
		F4E342081C4E69EE0094CAF6 /* Release */ = {
			isa = XCBuildConfiguration;
			baseConfigurationReference = 49569D8DE4D0BED16A2EBDF4 /* Pods.release.xcconfig */;
			buildSettings = {
				ASSETCATALOG_COMPILER_APPICON_NAME = AppIcon;
				CODE_SIGN_IDENTITY = "iPhone Developer";
				"CODE_SIGN_IDENTITY[sdk=iphoneos*]" = "iPhone Developer";
				GCC_INCREASE_PRECOMPILED_HEADER_SHARING = YES;
				GCC_PRECOMPILE_PREFIX_HEADER = YES;
				GCC_PREFIX_HEADER = "$(SRCROOT)/LiangCang/LiangCang-Prefix.pch";
				INFOPLIST_FILE = LiangCang/Info.plist;
				IPHONEOS_DEPLOYMENT_TARGET = 8.0;
				LD_RUNPATH_SEARCH_PATHS = "$(inherited) @executable_path/Frameworks";
				PRODUCT_BUNDLE_IDENTIFIER = IT.LiangCang;
				PRODUCT_NAME = "$(TARGET_NAME)";
				PROVISIONING_PROFILE = "";
			};
			name = Release;
		};
		F4E3420A1C4E69EE0094CAF6 /* Debug */ = {
			isa = XCBuildConfiguration;
			buildSettings = {
				BUNDLE_LOADER = "$(TEST_HOST)";
				INFOPLIST_FILE = LiangCangTests/Info.plist;
				LD_RUNPATH_SEARCH_PATHS = "$(inherited) @executable_path/Frameworks @loader_path/Frameworks";
				PRODUCT_BUNDLE_IDENTIFIER = IT.LiangCangTests;
				PRODUCT_NAME = "$(TARGET_NAME)";
				TEST_HOST = "$(BUILT_PRODUCTS_DIR)/LiangCang.app/LiangCang";
			};
			name = Debug;
		};
		F4E3420B1C4E69EE0094CAF6 /* Release */ = {
			isa = XCBuildConfiguration;
			buildSettings = {
				BUNDLE_LOADER = "$(TEST_HOST)";
				INFOPLIST_FILE = LiangCangTests/Info.plist;
				LD_RUNPATH_SEARCH_PATHS = "$(inherited) @executable_path/Frameworks @loader_path/Frameworks";
				PRODUCT_BUNDLE_IDENTIFIER = IT.LiangCangTests;
				PRODUCT_NAME = "$(TARGET_NAME)";
				TEST_HOST = "$(BUILT_PRODUCTS_DIR)/LiangCang.app/LiangCang";
			};
			name = Release;
		};
		F4E3420D1C4E69EE0094CAF6 /* Debug */ = {
			isa = XCBuildConfiguration;
			buildSettings = {
				INFOPLIST_FILE = LiangCangUITests/Info.plist;
				LD_RUNPATH_SEARCH_PATHS = "$(inherited) @executable_path/Frameworks @loader_path/Frameworks";
				PRODUCT_BUNDLE_IDENTIFIER = IT.LiangCangUITests;
				PRODUCT_NAME = "$(TARGET_NAME)";
				TEST_TARGET_NAME = LiangCang;
				USES_XCTRUNNER = YES;
			};
			name = Debug;
		};
		F4E3420E1C4E69EE0094CAF6 /* Release */ = {
			isa = XCBuildConfiguration;
			buildSettings = {
				INFOPLIST_FILE = LiangCangUITests/Info.plist;
				LD_RUNPATH_SEARCH_PATHS = "$(inherited) @executable_path/Frameworks @loader_path/Frameworks";
				PRODUCT_BUNDLE_IDENTIFIER = IT.LiangCangUITests;
				PRODUCT_NAME = "$(TARGET_NAME)";
				TEST_TARGET_NAME = LiangCang;
				USES_XCTRUNNER = YES;
			};
			name = Release;
		};
/* End XCBuildConfiguration section */

/* Begin XCConfigurationList section */
		F4E341D41C4E69ED0094CAF6 /* Build configuration list for PBXProject "LiangCang" */ = {
			isa = XCConfigurationList;
			buildConfigurations = (
				F4E342041C4E69EE0094CAF6 /* Debug */,
				F4E342051C4E69EE0094CAF6 /* Release */,
			);
			defaultConfigurationIsVisible = 0;
			defaultConfigurationName = Release;
		};
		F4E342061C4E69EE0094CAF6 /* Build configuration list for PBXNativeTarget "LiangCang" */ = {
			isa = XCConfigurationList;
			buildConfigurations = (
				F4E342071C4E69EE0094CAF6 /* Debug */,
				F4E342081C4E69EE0094CAF6 /* Release */,
			);
			defaultConfigurationIsVisible = 0;
			defaultConfigurationName = Release;
		};
		F4E342091C4E69EE0094CAF6 /* Build configuration list for PBXNativeTarget "LiangCangTests" */ = {
			isa = XCConfigurationList;
			buildConfigurations = (
				F4E3420A1C4E69EE0094CAF6 /* Debug */,
				F4E3420B1C4E69EE0094CAF6 /* Release */,
			);
			defaultConfigurationIsVisible = 0;
			defaultConfigurationName = Release;
		};
		F4E3420C1C4E69EE0094CAF6 /* Build configuration list for PBXNativeTarget "LiangCangUITests" */ = {
			isa = XCConfigurationList;
			buildConfigurations = (
				F4E3420D1C4E69EE0094CAF6 /* Debug */,
				F4E3420E1C4E69EE0094CAF6 /* Release */,
			);
			defaultConfigurationIsVisible = 0;
			defaultConfigurationName = Release;
		};
/* End XCConfigurationList section */
	};
	rootObject = F4E341D11C4E69ED0094CAF6 /* Project object */;
}
